
Microsoft Visual Studio Solution File, Format Version 12.00
# Visual Studio 15
VisualStudioVersion = 15.0.28307.2092
MinimumVisualStudioVersion = 10.0.40219.1
Project("{2150E333-8FDC-42A3-9474-1A3956D46DE8}") = "0_thirdparty", "0_thirdparty", "{EBBBC5AB-E662-45E5-BA81-FB445F6B829F}"
EndProject
Project("{2150E333-8FDC-42A3-9474-1A3956D46DE8}") = "1_demo", "1_demo", "{9A781B7B-4B89-4276-BCC2-F510F2E86956}"
EndProject
Project("{8BC9CEB8-8B4A-11D0-8D11-00A0C91BC942}") = "libmcpp", "thirdparty\mcpp-2.7.2\libmcpp_linux.vcxproj", "{791642ED-9E59-4F42-927B-3562F869D9C1}"
EndProject
Project("{8BC9CEB8-8B4A-11D0-8D11-00A0C91BC942}") = "mcpp", "thirdparty\mcpp-2.7.2\mcpp_linux.vcxproj", "{29B24DE1-B5B3-430B-A861-194C2061B1B4}"
EndProject
Project("{8BC9CEB8-8B4A-11D0-8D11-00A0C91BC942}") = "test", "demo\test\test_linux.vcxproj", "{849211A0-8C01-4C2B-A528-79DDF1223E0A}"
	ProjectSection(ProjectDependencies) = postProject
		{791642ED-9E59-4F42-927B-3562F869D9C1} = {791642ED-9E59-4F42-927B-3562F869D9C1}
	EndProjectSection
EndProject
Global
	GlobalSection(SolutionConfigurationPlatforms) = preSolution
		Debug|x64 = Debug|x64
		Release|x64 = Release|x64
	EndGlobalSection
	GlobalSection(ProjectConfigurationPlatforms) = postSolution
		{791642ED-9E59-4F42-927B-3562F869D9C1}.Debug|x64.ActiveCfg = Debug|x64
		{791642ED-9E59-4F42-927B-3562F869D9C1}.Debug|x64.Build.0 = Debug|x64
		{791642ED-9E59-4F42-927B-3562F869D9C1}.Release|x64.ActiveCfg = Release|x64
		{791642ED-9E59-4F42-927B-3562F869D9C1}.Release|x64.Build.0 = Release|x64
		{29B24DE1-B5B3-430B-A861-194C2061B1B4}.Debug|x64.ActiveCfg = Debug|x64
		{29B24DE1-B5B3-430B-A861-194C2061B1B4}.Debug|x64.Build.0 = Debug|x64
		{29B24DE1-B5B3-430B-A861-194C2061B1B4}.Release|x64.ActiveCfg = Release|x64
		{29B24DE1-B5B3-430B-A861-194C2061B1B4}.Release|x64.Build.0 = Release|x64
		{849211A0-8C01-4C2B-A528-79DDF1223E0A}.Debug|x64.ActiveCfg = Debug|x64
		{849211A0-8C01-4C2B-A528-79DDF1223E0A}.Debug|x64.Build.0 = Debug|x64
		{849211A0-8C01-4C2B-A528-79DDF1223E0A}.Release|x64.ActiveCfg = Release|x64
		{849211A0-8C01-4C2B-A528-79DDF1223E0A}.Release|x64.Build.0 = Release|x64
	EndGlobalSection
	GlobalSection(SolutionProperties) = preSolution
		HideSolutionNode = FALSE
	EndGlobalSection
	GlobalSection(NestedProjects) = preSolution
		{791642ED-9E59-4F42-927B-3562F869D9C1} = {EBBBC5AB-E662-45E5-BA81-FB445F6B829F}
		{29B24DE1-B5B3-430B-A861-194C2061B1B4} = {EBBBC5AB-E662-45E5-BA81-FB445F6B829F}
		{849211A0-8C01-4C2B-A528-79DDF1223E0A} = {9A781B7B-4B89-4276-BCC2-F510F2E86956}
	EndGlobalSection
	GlobalSection(ExtensibilityGlobals) = postSolution
		SolutionGuid = {5806D430-DEB4-4E2B-8838-C80B410D7661}
	EndGlobalSection
EndGlobal
